# Runtime and build dependencies used by the service, CI, and Docker image.
# Update this file deliberately and test on Python 3.11 and 3.13 before release.
# NumPy 2.5 requires Python 3.12; keep the supported 3.11 CI/install path.
numpy==2.4.6; python_version < "3.12"
numpy==2.5.1; python_version >= "3.12"
pandas==3.0.5
python-dateutil==2.9.0.post0
setuptools==80.9.0
six==1.17.0
tzdata==2026.3
websocket-client==1.9.2
